
Microsoft Visual Studio Solution File, Format Version 12.00
# Visual Studio Version 17
VisualStudioVersion = 17.0.31903.59
MinimumVisualStudioVersion = 10.0.40219.1
Project("{2150E333-8FDC-42A3-9474-1A3956D46DE8}") = "src", "src", "{0980425C-7214-4B89-8164-41D1B7E8C85D}"
EndProject
Project("{FAE04EC0-301F-11D3-BF4B-00C04F79EFBC}") = "TaskApi", "src\TaskApi\TaskApi.csproj", "{B44556B9-767C-4064-ACCD-FA922E122ECC}"
EndProject
Project("{2150E333-8FDC-42A3-9474-1A3956D46DE8}") = "shared", "shared", "{B30E2A66-8BE9-4292-9A54-BAF5A12BD5F6}"
EndProject
Project("{FAE04EC0-301F-11D3-BF4B-00C04F79EFBC}") = "Contracts", "shared\Contracts\Contracts.csproj", "{87BD6399-0154-4AF7-B971-767352D3A817}"
EndProject
Project("{2150E333-8FDC-42A3-9474-1A3956D46DE8}") = "Infrastructure", "Infrastructure", "{E02C656C-3BF8-4C55-A1A0-E73BBD5E8CC6}"
EndProject
Project("{FAE04EC0-301F-11D3-BF4B-00C04F79EFBC}") = "Messaging", "Infrastructure\Messaging\Messaging.csproj", "{C298F0DF-CC65-48CC-AEC5-D1C4D524E7EC}"
EndProject
Project("{FAE04EC0-301F-11D3-BF4B-00C04F79EFBC}") = "Domain", "shared\Domain\Domain.csproj", "{E885CC16-BD04-44F6-8C96-BEDB976CB6E4}"
EndProject
Project("{FAE04EC0-301F-11D3-BF4B-00C04F79EFBC}") = "Mapping", "shared\Mapping\Mapping.csproj", "{21C4920B-AE1B-4EAE-9498-FFE71360FC51}"
EndProject
Global
	GlobalSection(SolutionConfigurationPlatforms) = preSolution
		Debug|Any CPU = Debug|Any CPU
		Release|Any CPU = Release|Any CPU
	EndGlobalSection
	GlobalSection(SolutionProperties) = preSolution
		HideSolutionNode = FALSE
	EndGlobalSection
	GlobalSection(ProjectConfigurationPlatforms) = postSolution
		{B44556B9-767C-4064-ACCD-FA922E122ECC}.Debug|Any CPU.ActiveCfg = Debug|Any CPU
		{B44556B9-767C-4064-ACCD-FA922E122ECC}.Debug|Any CPU.Build.0 = Debug|Any CPU
		{B44556B9-767C-4064-ACCD-FA922E122ECC}.Release|Any CPU.ActiveCfg = Release|Any CPU
		{B44556B9-767C-4064-ACCD-FA922E122ECC}.Release|Any CPU.Build.0 = Release|Any CPU
		{87BD6399-0154-4AF7-B971-767352D3A817}.Debug|Any CPU.ActiveCfg = Debug|Any CPU
		{87BD6399-0154-4AF7-B971-767352D3A817}.Debug|Any CPU.Build.0 = Debug|Any CPU
		{87BD6399-0154-4AF7-B971-767352D3A817}.Release|Any CPU.ActiveCfg = Release|Any CPU
		{87BD6399-0154-4AF7-B971-767352D3A817}.Release|Any CPU.Build.0 = Release|Any CPU
		{C298F0DF-CC65-48CC-AEC5-D1C4D524E7EC}.Debug|Any CPU.ActiveCfg = Debug|Any CPU
		{C298F0DF-CC65-48CC-AEC5-D1C4D524E7EC}.Debug|Any CPU.Build.0 = Debug|Any CPU
		{C298F0DF-CC65-48CC-AEC5-D1C4D524E7EC}.Release|Any CPU.ActiveCfg = Release|Any CPU
		{C298F0DF-CC65-48CC-AEC5-D1C4D524E7EC}.Release|Any CPU.Build.0 = Release|Any CPU
		{E885CC16-BD04-44F6-8C96-BEDB976CB6E4}.Debug|Any CPU.ActiveCfg = Debug|Any CPU
		{E885CC16-BD04-44F6-8C96-BEDB976CB6E4}.Debug|Any CPU.Build.0 = Debug|Any CPU
		{E885CC16-BD04-44F6-8C96-BEDB976CB6E4}.Release|Any CPU.ActiveCfg = Release|Any CPU
		{E885CC16-BD04-44F6-8C96-BEDB976CB6E4}.Release|Any CPU.Build.0 = Release|Any CPU
		{21C4920B-AE1B-4EAE-9498-FFE71360FC51}.Debug|Any CPU.ActiveCfg = Debug|Any CPU
		{21C4920B-AE1B-4EAE-9498-FFE71360FC51}.Debug|Any CPU.Build.0 = Debug|Any CPU
		{21C4920B-AE1B-4EAE-9498-FFE71360FC51}.Release|Any CPU.ActiveCfg = Release|Any CPU
		{21C4920B-AE1B-4EAE-9498-FFE71360FC51}.Release|Any CPU.Build.0 = Release|Any CPU
	EndGlobalSection
	GlobalSection(NestedProjects) = preSolution
		{B44556B9-767C-4064-ACCD-FA922E122ECC} = {0980425C-7214-4B89-8164-41D1B7E8C85D}
		{87BD6399-0154-4AF7-B971-767352D3A817} = {B30E2A66-8BE9-4292-9A54-BAF5A12BD5F6}
		{C298F0DF-CC65-48CC-AEC5-D1C4D524E7EC} = {E02C656C-3BF8-4C55-A1A0-E73BBD5E8CC6}
		{E885CC16-BD04-44F6-8C96-BEDB976CB6E4} = {B30E2A66-8BE9-4292-9A54-BAF5A12BD5F6}
		{21C4920B-AE1B-4EAE-9498-FFE71360FC51} = {B30E2A66-8BE9-4292-9A54-BAF5A12BD5F6}
	EndGlobalSection
EndGlobal
